
Microsoft Visual Studio Solution File, Format Version 12.00
# Visual Studio Version 17
VisualStudioVersion = 17.14.36623.8 d17.14
MinimumVisualStudioVersion = 10.0.40219.1
Project("{FAE04EC0-301F-11D3-BF4B-00C04F79EFBC}") = "StudentManagerApplication", "StudentManagerApplication\StudentManagerApplication.csproj", "{0361EC1F-8B24-4C2E-9F1B-C5FE03213D5D}"
EndProject
Global
	GlobalSection(SolutionConfigurationPlatforms) = preSolution
		Debug|Any CPU = Debug|Any CPU
		Release|Any CPU = Release|Any CPU
	EndGlobalSection
	GlobalSection(ProjectConfigurationPlatforms) = postSolution
		{0361EC1F-8B24-4C2E-9F1B-C5FE03213D5D}.Debug|Any CPU.ActiveCfg = Debug|Any CPU
		{0361EC1F-8B24-4C2E-9F1B-C5FE03213D5D}.Debug|Any CPU.Build.0 = Debug|Any CPU
		{0361EC1F-8B24-4C2E-9F1B-C5FE03213D5D}.Release|Any CPU.ActiveCfg = Release|Any CPU
		{0361EC1F-8B24-4C2E-9F1B-C5FE03213D5D}.Release|Any CPU.Build.0 = Release|Any CPU
	EndGlobalSection
	GlobalSection(SolutionProperties) = preSolution
		HideSolutionNode = FALSE
	EndGlobalSection
	GlobalSection(ExtensibilityGlobals) = postSolution
		SolutionGuid = {55CBB9A5-90A5-4C2C-940F-6F65F8A41381}
	EndGlobalSection
EndGlobal
